
Microsoft Visual Studio Solution File, Format Version 12.00
# Visual Studio Version 17
VisualStudioVersion = 17.4.33213.308
MinimumVisualStudioVersion = 10.0.40219.1
Project("{8BC9CEB8-8B4A-11D0-8D11-00A0C91BC942}") = "Lab2_1", "Lab2_1\Lab2_1.vcxproj", "{78BFC46D-017F-4443-AAD4-8108A4B6144D}"
EndProject
Project("{8BC9CEB8-8B4A-11D0-8D11-00A0C91BC942}") = "Lab2_2", "Lab2_2\Lab2_2.vcxproj", "{9688B414-A633-4855-90C5-147489EB643A}"
EndProject
Global
	GlobalSection(SolutionConfigurationPlatforms) = preSolution
		Debug|x64 = Debug|x64
		Debug|x86 = Debug|x86
		Release|x64 = Release|x64
		Release|x86 = Release|x86
	EndGlobalSection
	GlobalSection(ProjectConfigurationPlatforms) = postSolution
		{78BFC46D-017F-4443-AAD4-8108A4B6144D}.Debug|x64.ActiveCfg = Debug|x64
		{78BFC46D-017F-4443-AAD4-8108A4B6144D}.Debug|x64.Build.0 = Debug|x64
		{78BFC46D-017F-4443-AAD4-8108A4B6144D}.Debug|x86.ActiveCfg = Debug|Win32
		{78BFC46D-017F-4443-AAD4-8108A4B6144D}.Debug|x86.Build.0 = Debug|Win32
		{78BFC46D-017F-4443-AAD4-8108A4B6144D}.Release|x64.ActiveCfg = Release|x64
		{78BFC46D-017F-4443-AAD4-8108A4B6144D}.Release|x64.Build.0 = Release|x64
		{78BFC46D-017F-4443-AAD4-8108A4B6144D}.Release|x86.ActiveCfg = Release|Win32
		{78BFC46D-017F-4443-AAD4-8108A4B6144D}.Release|x86.Build.0 = Release|Win32
		{9688B414-A633-4855-90C5-147489EB643A}.Debug|x64.ActiveCfg = Debug|x64
		{9688B414-A633-4855-90C5-147489EB643A}.Debug|x64.Build.0 = Debug|x64
		{9688B414-A633-4855-90C5-147489EB643A}.Debug|x86.ActiveCfg = Debug|Win32
		{9688B414-A633-4855-90C5-147489EB643A}.Debug|x86.Build.0 = Debug|Win32
		{9688B414-A633-4855-90C5-147489EB643A}.Release|x64.ActiveCfg = Release|x64
		{9688B414-A633-4855-90C5-147489EB643A}.Release|x64.Build.0 = Release|x64
		{9688B414-A633-4855-90C5-147489EB643A}.Release|x86.ActiveCfg = Release|Win32
		{9688B414-A633-4855-90C5-147489EB643A}.Release|x86.Build.0 = Release|Win32
	EndGlobalSection
	GlobalSection(SolutionProperties) = preSolution
		HideSolutionNode = FALSE
	EndGlobalSection
	GlobalSection(ExtensibilityGlobals) = postSolution
		SolutionGuid = {79F0F7FE-0C3A-4FAF-A0EB-17C9DE124D2A}
	EndGlobalSection
EndGlobal
